
Microsoft Visual Studio Solution File, Format Version 12.00
# Visual Studio Version 16
VisualStudioVersion = 16.0.29613.14
MinimumVisualStudioVersion = 10.0.40219.1
Project("{9A19103F-16F7-4668-BE54-9A1E7A4F7556}") = "ConsoleApp1", "ConsoleApp1\ConsoleApp1.csproj", "{B7CAADA4-D009-4D47-9D17-A2AF0C1F8E7E}"
EndProject
Project("{FAE04EC0-301F-11D3-BF4B-00C04F79EFBC}") = "elering", "elering\elering.csproj", "{D0970DC6-CDB6-4B9E-A4FF-E48BC846CF67}"
EndProject
Global
	GlobalSection(SolutionConfigurationPlatforms) = preSolution
		Debug|Any CPU = Debug|Any CPU
		Release|Any CPU = Release|Any CPU
	EndGlobalSection
	GlobalSection(ProjectConfigurationPlatforms) = postSolution
		{B7CAADA4-D009-4D47-9D17-A2AF0C1F8E7E}.Debug|Any CPU.ActiveCfg = Debug|Any CPU
		{B7CAADA4-D009-4D47-9D17-A2AF0C1F8E7E}.Debug|Any CPU.Build.0 = Debug|Any CPU
		{B7CAADA4-D009-4D47-9D17-A2AF0C1F8E7E}.Release|Any CPU.ActiveCfg = Release|Any CPU
		{B7CAADA4-D009-4D47-9D17-A2AF0C1F8E7E}.Release|Any CPU.Build.0 = Release|Any CPU
		{D0970DC6-CDB6-4B9E-A4FF-E48BC846CF67}.Debug|Any CPU.ActiveCfg = Debug|Any CPU
		{D0970DC6-CDB6-4B9E-A4FF-E48BC846CF67}.Debug|Any CPU.Build.0 = Debug|Any CPU
		{D0970DC6-CDB6-4B9E-A4FF-E48BC846CF67}.Release|Any CPU.ActiveCfg = Release|Any CPU
		{D0970DC6-CDB6-4B9E-A4FF-E48BC846CF67}.Release|Any CPU.Build.0 = Release|Any CPU
	EndGlobalSection
	GlobalSection(SolutionProperties) = preSolution
		HideSolutionNode = FALSE
	EndGlobalSection
	GlobalSection(ExtensibilityGlobals) = postSolution
		SolutionGuid = {8A782717-81AE-4D20-8E11-F546C6678213}
	EndGlobalSection
EndGlobal
